
Microsoft Visual Studio Solution File, Format Version 12.00
# Visual Studio Version 16
VisualStudioVersion = 16.0.30907.101
MinimumVisualStudioVersion = 10.0.40219.1
Project("{9A19103F-16F7-4668-BE54-9A1E7A4F7556}") = "LocalGovtReporterAPI", "LocalGovtReporterAPI.csproj", "{DC9D9741-D0B4-4252-A175-E2BEB1316415}"
EndProject
Global
	GlobalSection(SolutionConfigurationPlatforms) = preSolution
		Debug|Any CPU = Debug|Any CPU
		Release|Any CPU = Release|Any CPU
	EndGlobalSection
	GlobalSection(ProjectConfigurationPlatforms) = postSolution
		{DC9D9741-D0B4-4252-A175-E2BEB1316415}.Debug|Any CPU.ActiveCfg = Debug|Any CPU
		{DC9D9741-D0B4-4252-A175-E2BEB1316415}.Debug|Any CPU.Build.0 = Debug|Any CPU
		{DC9D9741-D0B4-4252-A175-E2BEB1316415}.Release|Any CPU.ActiveCfg = Release|Any CPU
		{DC9D9741-D0B4-4252-A175-E2BEB1316415}.Release|Any CPU.Build.0 = Release|Any CPU
	EndGlobalSection
	GlobalSection(SolutionProperties) = preSolution
		HideSolutionNode = FALSE
	EndGlobalSection
	GlobalSection(ExtensibilityGlobals) = postSolution
		SolutionGuid = {3FFB4309-410B-40B6-B9F9-81182CF486F0}
	EndGlobalSection
EndGlobal
